
Microsoft Visual Studio Solution File, Format Version 12.00
# Visual Studio Version 17
VisualStudioVersion = 17.0.31903.59
MinimumVisualStudioVersion = 10.0.40219.1
Project("{9A19103F-16F7-4668-BE54-9A1E7A4F7556}") = "interpreter-dotnet", "src\interpreter-dotnet.csproj", "{AC8BA540-3948-40C2-8306-3AF9EEC25447}"
EndProject
Global
	GlobalSection(SolutionConfigurationPlatforms) = preSolution
		Debug|Any CPU = Debug|Any CPU
		Release|Any CPU = Release|Any CPU
	EndGlobalSection
	GlobalSection(ProjectConfigurationPlatforms) = postSolution
		{AC8BA540-3948-40C2-8306-3AF9EEC25447}.Debug|Any CPU.ActiveCfg = Debug|Any CPU
		{AC8BA540-3948-40C2-8306-3AF9EEC25447}.Debug|Any CPU.Build.0 = Debug|Any CPU
		{AC8BA540-3948-40C2-8306-3AF9EEC25447}.Release|Any CPU.ActiveCfg = Release|Any CPU
		{AC8BA540-3948-40C2-8306-3AF9EEC25447}.Release|Any CPU.Build.0 = Release|Any CPU
	EndGlobalSection
	GlobalSection(SolutionProperties) = preSolution
		HideSolutionNode = FALSE
	EndGlobalSection
	GlobalSection(ExtensibilityGlobals) = postSolution
		SolutionGuid = {2467B1DA-1F95-40C5-A3F5-FBCCED1853E8}
	EndGlobalSection
EndGlobal
